
Microsoft Visual Studio Solution File, Format Version 12.00
# Visual Studio Version 17
VisualStudioVersion = 17.0.31903.59
MinimumVisualStudioVersion = 10.0.40219.1
Project("{9A19103F-16F7-4668-BE54-9A1E7A4F7556}") = "AdventOfCode2015", "AdventOfCode2015\AdventOfCode2015.csproj", "{BF001D14-86D5-4377-B50A-A0651ABDDF60}"
EndProject
Project("{9A19103F-16F7-4668-BE54-9A1E7A4F7556}") = "AdventOfCode2015Tests", "AdventOfCode2015Tests\AdventOfCode2015Tests.csproj", "{8A6DB26A-1DDF-4734-A9F5-63D4AF6E01EE}"
EndProject
Project("{9A19103F-16F7-4668-BE54-9A1E7A4F7556}") = "Common", "Common\Common.csproj", "{E48564D4-73C2-4012-8154-4BF790264137}"
EndProject
Project("{9A19103F-16F7-4668-BE54-9A1E7A4F7556}") = "AdventOfCode2017", "AdventOfCode2017\AdventOfCode2017\AdventOfCode2017.csproj", "{7F8232A7-60C8-4E7F-9E97-BCBBCEB0F2B1}"
EndProject
Project("{9A19103F-16F7-4668-BE54-9A1E7A4F7556}") = "AdventOfCode2018", "AdventOfCode2018\AdventOfCode2018\AdventOfCode2018.csproj", "{74A8F8B9-91B9-45AC-AE28-62200C101D6B}"
EndProject
Project("{9A19103F-16F7-4668-BE54-9A1E7A4F7556}") = "AdventOfCode2020", "AdventOfCode2020\AdventOfCode2020.csproj", "{C8E3F520-945D-41B8-AC59-3513E98B960F}"
EndProject
Project("{9A19103F-16F7-4668-BE54-9A1E7A4F7556}") = "AdventOfCode2020Tests", "AdventOfCode2020Tests\AdventOfCode2020Tests.csproj", "{FCAE7C02-91C8-450D-AD40-DEBC50FE006D}"
EndProject
Project("{2150E333-8FDC-42A3-9474-1A3956D46DE8}") = "Tests", "Tests", "{BE0024C1-F887-4F4D-A565-DD733BA19A08}"
	ProjectSection(SolutionItems) = preProject
		AdventOfCodeTestsTemplate\UnitTestDay01.cs = AdventOfCodeTestsTemplate\UnitTestDay01.cs
	EndProjectSection
EndProject
Project("{2150E333-8FDC-42A3-9474-1A3956D46DE8}") = "AdventOfCode", "AdventOfCode", "{D49EBD41-3938-45A5-87A3-FE1D388D97A9}"
EndProject
Project("{9A19103F-16F7-4668-BE54-9A1E7A4F7556}") = "AdventOfCode2021", "AdventOfCode2021\AdventOfCode2021.csproj", "{B2490D2F-7640-4BFE-964B-BB020DFE7179}"
EndProject
Project("{9A19103F-16F7-4668-BE54-9A1E7A4F7556}") = "AdventOfCode2021Tests", "AdventOfCode2021Tests\AdventOfCode2021Tests.csproj", "{CEB00385-E650-4730-8C2E-B2DCDDAF3B33}"
EndProject
Project("{9A19103F-16F7-4668-BE54-9A1E7A4F7556}") = "AdventOfCode2016", "AdventOfCode2016\AdventOfCode2016.csproj", "{48409072-64DA-4299-A5A1-AA8C377E70FC}"
EndProject
Project("{9A19103F-16F7-4668-BE54-9A1E7A4F7556}") = "AdventOfCode2019", "AdventOfCode2019\AdventOfCode2019.csproj", "{481D4BDE-EEE5-4229-AD22-4F73BEFBAB0E}"
EndProject
Project("{9A19103F-16F7-4668-BE54-9A1E7A4F7556}") = "Runner", "Runner\Runner.csproj", "{52497569-7B12-44D4-9A26-334519D77735}"
EndProject
Project("{9A19103F-16F7-4668-BE54-9A1E7A4F7556}") = "AdventOfCode2017Tests", "AdventOfCode2017Tests.cs\AdventOfCode2017Tests.csproj", "{BAE829FA-E41A-4192-A7EC-1BBF8C41E3BF}"
EndProject
Project("{9A19103F-16F7-4668-BE54-9A1E7A4F7556}") = "AdventOfCodeTemplate", "AdventOfCodeTemplate\AdventOfCodeTemplate.csproj", "{086C648E-0E62-410A-A1C9-4ED55557DD34}"
EndProject
Project("{9A19103F-16F7-4668-BE54-9A1E7A4F7556}") = "AdventOfCodeTestsTemplate", "AdventOfCodeTestsTemplate\AdventOfCodeTestsTemplate.csproj", "{6C1D5690-B9D8-4449-8851-8B1398FAF24C}"
EndProject
Project("{9A19103F-16F7-4668-BE54-9A1E7A4F7556}") = "AdventOfCode2022", "AdventOfCode2022\AdventOfCode2022.csproj", "{53981BD4-3570-4639-A1E6-4C4D54058024}"
EndProject
Project("{9A19103F-16F7-4668-BE54-9A1E7A4F7556}") = "AdventOfCode2022Tests", "AdventOfCode2022Tests\AdventOfCode2022Tests.csproj", "{C7616DB8-55AF-4AD6-9F61-F4D4CEC1F833}"
EndProject
Project("{FAE04EC0-301F-11D3-BF4B-00C04F79EFBC}") = "VisualAoC", "VisualAoC\VisualAoC.csproj", "{F9E57870-3362-4768-B386-3152DA0B4A69}"
EndProject
Project("{9A19103F-16F7-4668-BE54-9A1E7A4F7556}") = "AdventOfCode2018Tests", "AdventOfCode2018Tests\AdventOfCode2018Tests.csproj", "{A96183E6-A733-4302-AADB-0631060191F9}"
EndProject
Project("{9A19103F-16F7-4668-BE54-9A1E7A4F7556}") = "AdventOfCode2023", "AdventOfCode2023\AdventOfCode2023.csproj", "{746C2E44-DF06-4575-916D-90A9F95A1460}"
EndProject
Project("{9A19103F-16F7-4668-BE54-9A1E7A4F7556}") = "AdventOfCode2023Tests", "AdventOfCode2023Tests\AdventOfCode2023Tests.csproj", "{739EC784-8DE1-411F-AA02-68C591451D0E}"
EndProject
Project("{9A19103F-16F7-4668-BE54-9A1E7A4F7556}") = "AdventOfCode2024", "AdventOfCode2024\AdventOfCode2024.csproj", "{290F8537-E5B2-4CE9-B270-6F3DAC330BF0}"
EndProject
Project("{9A19103F-16F7-4668-BE54-9A1E7A4F7556}") = "AdventOfCode2024Tests", "AdventOfCode2024Tests\AdventOfCode2024Tests.csproj", "{061A209B-E3D2-45BD-A973-AA8089971691}"
EndProject
Global
	GlobalSection(SolutionConfigurationPlatforms) = preSolution
		Debug|Any CPU = Debug|Any CPU
		Release|Any CPU = Release|Any CPU
	EndGlobalSection
	GlobalSection(ProjectConfigurationPlatforms) = postSolution
		{BF001D14-86D5-4377-B50A-A0651ABDDF60}.Debug|Any CPU.ActiveCfg = Debug|Any CPU
		{BF001D14-86D5-4377-B50A-A0651ABDDF60}.Debug|Any CPU.Build.0 = Debug|Any CPU
		{BF001D14-86D5-4377-B50A-A0651ABDDF60}.Release|Any CPU.ActiveCfg = Release|Any CPU
		{BF001D14-86D5-4377-B50A-A0651ABDDF60}.Release|Any CPU.Build.0 = Release|Any CPU
		{8A6DB26A-1DDF-4734-A9F5-63D4AF6E01EE}.Debug|Any CPU.ActiveCfg = Debug|Any CPU
		{8A6DB26A-1DDF-4734-A9F5-63D4AF6E01EE}.Debug|Any CPU.Build.0 = Debug|Any CPU
		{8A6DB26A-1DDF-4734-A9F5-63D4AF6E01EE}.Release|Any CPU.ActiveCfg = Release|Any CPU
		{8A6DB26A-1DDF-4734-A9F5-63D4AF6E01EE}.Release|Any CPU.Build.0 = Release|Any CPU
		{E48564D4-73C2-4012-8154-4BF790264137}.Debug|Any CPU.ActiveCfg = Debug|Any CPU
		{E48564D4-73C2-4012-8154-4BF790264137}.Debug|Any CPU.Build.0 = Debug|Any CPU
		{E48564D4-73C2-4012-8154-4BF790264137}.Release|Any CPU.ActiveCfg = Release|Any CPU
		{E48564D4-73C2-4012-8154-4BF790264137}.Release|Any CPU.Build.0 = Release|Any CPU
		{7F8232A7-60C8-4E7F-9E97-BCBBCEB0F2B1}.Debug|Any CPU.ActiveCfg = Debug|Any CPU
		{7F8232A7-60C8-4E7F-9E97-BCBBCEB0F2B1}.Debug|Any CPU.Build.0 = Debug|Any CPU
		{7F8232A7-60C8-4E7F-9E97-BCBBCEB0F2B1}.Release|Any CPU.ActiveCfg = Release|Any CPU
		{7F8232A7-60C8-4E7F-9E97-BCBBCEB0F2B1}.Release|Any CPU.Build.0 = Release|Any CPU
		{74A8F8B9-91B9-45AC-AE28-62200C101D6B}.Debug|Any CPU.ActiveCfg = Debug|Any CPU
		{74A8F8B9-91B9-45AC-AE28-62200C101D6B}.Debug|Any CPU.Build.0 = Debug|Any CPU
		{74A8F8B9-91B9-45AC-AE28-62200C101D6B}.Release|Any CPU.ActiveCfg = Release|Any CPU
		{74A8F8B9-91B9-45AC-AE28-62200C101D6B}.Release|Any CPU.Build.0 = Release|Any CPU
		{C8E3F520-945D-41B8-AC59-3513E98B960F}.Debug|Any CPU.ActiveCfg = Debug|Any CPU
		{C8E3F520-945D-41B8-AC59-3513E98B960F}.Debug|Any CPU.Build.0 = Debug|Any CPU
		{C8E3F520-945D-41B8-AC59-3513E98B960F}.Release|Any CPU.ActiveCfg = Release|Any CPU
		{C8E3F520-945D-41B8-AC59-3513E98B960F}.Release|Any CPU.Build.0 = Release|Any CPU
		{FCAE7C02-91C8-450D-AD40-DEBC50FE006D}.Debug|Any CPU.ActiveCfg = Debug|Any CPU
		{FCAE7C02-91C8-450D-AD40-DEBC50FE006D}.Debug|Any CPU.Build.0 = Debug|Any CPU
		{FCAE7C02-91C8-450D-AD40-DEBC50FE006D}.Release|Any CPU.ActiveCfg = Release|Any CPU
		{FCAE7C02-91C8-450D-AD40-DEBC50FE006D}.Release|Any CPU.Build.0 = Release|Any CPU
		{B2490D2F-7640-4BFE-964B-BB020DFE7179}.Debug|Any CPU.ActiveCfg = Debug|Any CPU
		{B2490D2F-7640-4BFE-964B-BB020DFE7179}.Debug|Any CPU.Build.0 = Debug|Any CPU
		{B2490D2F-7640-4BFE-964B-BB020DFE7179}.Release|Any CPU.ActiveCfg = Release|Any CPU
		{B2490D2F-7640-4BFE-964B-BB020DFE7179}.Release|Any CPU.Build.0 = Release|Any CPU
		{CEB00385-E650-4730-8C2E-B2DCDDAF3B33}.Debug|Any CPU.ActiveCfg = Debug|Any CPU
		{CEB00385-E650-4730-8C2E-B2DCDDAF3B33}.Debug|Any CPU.Build.0 = Debug|Any CPU
		{CEB00385-E650-4730-8C2E-B2DCDDAF3B33}.Release|Any CPU.ActiveCfg = Release|Any CPU
		{CEB00385-E650-4730-8C2E-B2DCDDAF3B33}.Release|Any CPU.Build.0 = Release|Any CPU
		{48409072-64DA-4299-A5A1-AA8C377E70FC}.Debug|Any CPU.ActiveCfg = Debug|Any CPU
		{48409072-64DA-4299-A5A1-AA8C377E70FC}.Debug|Any CPU.Build.0 = Debug|Any CPU
		{48409072-64DA-4299-A5A1-AA8C377E70FC}.Release|Any CPU.ActiveCfg = Release|Any CPU
		{48409072-64DA-4299-A5A1-AA8C377E70FC}.Release|Any CPU.Build.0 = Release|Any CPU
		{481D4BDE-EEE5-4229-AD22-4F73BEFBAB0E}.Debug|Any CPU.ActiveCfg = Debug|Any CPU
		{481D4BDE-EEE5-4229-AD22-4F73BEFBAB0E}.Debug|Any CPU.Build.0 = Debug|Any CPU
		{481D4BDE-EEE5-4229-AD22-4F73BEFBAB0E}.Release|Any CPU.ActiveCfg = Release|Any CPU
		{481D4BDE-EEE5-4229-AD22-4F73BEFBAB0E}.Release|Any CPU.Build.0 = Release|Any CPU
		{52497569-7B12-44D4-9A26-334519D77735}.Debug|Any CPU.ActiveCfg = Debug|Any CPU
		{52497569-7B12-44D4-9A26-334519D77735}.Debug|Any CPU.Build.0 = Debug|Any CPU
		{52497569-7B12-44D4-9A26-334519D77735}.Release|Any CPU.ActiveCfg = Release|Any CPU
		{52497569-7B12-44D4-9A26-334519D77735}.Release|Any CPU.Build.0 = Release|Any CPU
		{BAE829FA-E41A-4192-A7EC-1BBF8C41E3BF}.Debug|Any CPU.ActiveCfg = Debug|Any CPU
		{BAE829FA-E41A-4192-A7EC-1BBF8C41E3BF}.Debug|Any CPU.Build.0 = Debug|Any CPU
		{BAE829FA-E41A-4192-A7EC-1BBF8C41E3BF}.Release|Any CPU.ActiveCfg = Release|Any CPU
		{BAE829FA-E41A-4192-A7EC-1BBF8C41E3BF}.Release|Any CPU.Build.0 = Release|Any CPU
		{086C648E-0E62-410A-A1C9-4ED55557DD34}.Debug|Any CPU.ActiveCfg = Debug|Any CPU
		{086C648E-0E62-410A-A1C9-4ED55557DD34}.Debug|Any CPU.Build.0 = Debug|Any CPU
		{086C648E-0E62-410A-A1C9-4ED55557DD34}.Release|Any CPU.ActiveCfg = Release|Any CPU
		{086C648E-0E62-410A-A1C9-4ED55557DD34}.Release|Any CPU.Build.0 = Release|Any CPU
		{6C1D5690-B9D8-4449-8851-8B1398FAF24C}.Debug|Any CPU.ActiveCfg = Debug|Any CPU
		{6C1D5690-B9D8-4449-8851-8B1398FAF24C}.Debug|Any CPU.Build.0 = Debug|Any CPU
		{6C1D5690-B9D8-4449-8851-8B1398FAF24C}.Release|Any CPU.ActiveCfg = Release|Any CPU
		{6C1D5690-B9D8-4449-8851-8B1398FAF24C}.Release|Any CPU.Build.0 = Release|Any CPU
		{53981BD4-3570-4639-A1E6-4C4D54058024}.Debug|Any CPU.ActiveCfg = Debug|Any CPU
		{53981BD4-3570-4639-A1E6-4C4D54058024}.Debug|Any CPU.Build.0 = Debug|Any CPU
		{53981BD4-3570-4639-A1E6-4C4D54058024}.Release|Any CPU.ActiveCfg = Release|Any CPU
		{53981BD4-3570-4639-A1E6-4C4D54058024}.Release|Any CPU.Build.0 = Release|Any CPU
		{C7616DB8-55AF-4AD6-9F61-F4D4CEC1F833}.Debug|Any CPU.ActiveCfg = Debug|Any CPU
		{C7616DB8-55AF-4AD6-9F61-F4D4CEC1F833}.Debug|Any CPU.Build.0 = Debug|Any CPU
		{C7616DB8-55AF-4AD6-9F61-F4D4CEC1F833}.Release|Any CPU.ActiveCfg = Release|Any CPU
		{C7616DB8-55AF-4AD6-9F61-F4D4CEC1F833}.Release|Any CPU.Build.0 = Release|Any CPU
		{F9E57870-3362-4768-B386-3152DA0B4A69}.Debug|Any CPU.ActiveCfg = Debug|Any CPU
		{F9E57870-3362-4768-B386-3152DA0B4A69}.Debug|Any CPU.Build.0 = Debug|Any CPU
		{F9E57870-3362-4768-B386-3152DA0B4A69}.Release|Any CPU.ActiveCfg = Release|Any CPU
		{F9E57870-3362-4768-B386-3152DA0B4A69}.Release|Any CPU.Build.0 = Release|Any CPU
		{A96183E6-A733-4302-AADB-0631060191F9}.Debug|Any CPU.ActiveCfg = Debug|Any CPU
		{A96183E6-A733-4302-AADB-0631060191F9}.Debug|Any CPU.Build.0 = Debug|Any CPU
		{A96183E6-A733-4302-AADB-0631060191F9}.Release|Any CPU.ActiveCfg = Release|Any CPU
		{A96183E6-A733-4302-AADB-0631060191F9}.Release|Any CPU.Build.0 = Release|Any CPU
		{746C2E44-DF06-4575-916D-90A9F95A1460}.Debug|Any CPU.ActiveCfg = Debug|Any CPU
		{746C2E44-DF06-4575-916D-90A9F95A1460}.Debug|Any CPU.Build.0 = Debug|Any CPU
		{746C2E44-DF06-4575-916D-90A9F95A1460}.Release|Any CPU.ActiveCfg = Release|Any CPU
		{746C2E44-DF06-4575-916D-90A9F95A1460}.Release|Any CPU.Build.0 = Release|Any CPU
		{739EC784-8DE1-411F-AA02-68C591451D0E}.Debug|Any CPU.ActiveCfg = Debug|Any CPU
		{739EC784-8DE1-411F-AA02-68C591451D0E}.Debug|Any CPU.Build.0 = Debug|Any CPU
		{739EC784-8DE1-411F-AA02-68C591451D0E}.Release|Any CPU.ActiveCfg = Release|Any CPU
		{739EC784-8DE1-411F-AA02-68C591451D0E}.Release|Any CPU.Build.0 = Release|Any CPU
		{290F8537-E5B2-4CE9-B270-6F3DAC330BF0}.Debug|Any CPU.ActiveCfg = Debug|Any CPU
		{290F8537-E5B2-4CE9-B270-6F3DAC330BF0}.Debug|Any CPU.Build.0 = Debug|Any CPU
		{290F8537-E5B2-4CE9-B270-6F3DAC330BF0}.Release|Any CPU.ActiveCfg = Release|Any CPU
		{290F8537-E5B2-4CE9-B270-6F3DAC330BF0}.Release|Any CPU.Build.0 = Release|Any CPU
		{061A209B-E3D2-45BD-A973-AA8089971691}.Debug|Any CPU.ActiveCfg = Debug|Any CPU
		{061A209B-E3D2-45BD-A973-AA8089971691}.Debug|Any CPU.Build.0 = Debug|Any CPU
		{061A209B-E3D2-45BD-A973-AA8089971691}.Release|Any CPU.ActiveCfg = Release|Any CPU
		{061A209B-E3D2-45BD-A973-AA8089971691}.Release|Any CPU.Build.0 = Release|Any CPU
	EndGlobalSection
	GlobalSection(SolutionProperties) = preSolution
		HideSolutionNode = FALSE
	EndGlobalSection
	GlobalSection(NestedProjects) = preSolution
		{BF001D14-86D5-4377-B50A-A0651ABDDF60} = {D49EBD41-3938-45A5-87A3-FE1D388D97A9}
		{8A6DB26A-1DDF-4734-A9F5-63D4AF6E01EE} = {BE0024C1-F887-4F4D-A565-DD733BA19A08}
		{7F8232A7-60C8-4E7F-9E97-BCBBCEB0F2B1} = {D49EBD41-3938-45A5-87A3-FE1D388D97A9}
		{74A8F8B9-91B9-45AC-AE28-62200C101D6B} = {D49EBD41-3938-45A5-87A3-FE1D388D97A9}
		{C8E3F520-945D-41B8-AC59-3513E98B960F} = {D49EBD41-3938-45A5-87A3-FE1D388D97A9}
		{FCAE7C02-91C8-450D-AD40-DEBC50FE006D} = {BE0024C1-F887-4F4D-A565-DD733BA19A08}
		{B2490D2F-7640-4BFE-964B-BB020DFE7179} = {D49EBD41-3938-45A5-87A3-FE1D388D97A9}
		{CEB00385-E650-4730-8C2E-B2DCDDAF3B33} = {BE0024C1-F887-4F4D-A565-DD733BA19A08}
		{48409072-64DA-4299-A5A1-AA8C377E70FC} = {D49EBD41-3938-45A5-87A3-FE1D388D97A9}
		{481D4BDE-EEE5-4229-AD22-4F73BEFBAB0E} = {D49EBD41-3938-45A5-87A3-FE1D388D97A9}
		{BAE829FA-E41A-4192-A7EC-1BBF8C41E3BF} = {BE0024C1-F887-4F4D-A565-DD733BA19A08}
		{086C648E-0E62-410A-A1C9-4ED55557DD34} = {D49EBD41-3938-45A5-87A3-FE1D388D97A9}
		{6C1D5690-B9D8-4449-8851-8B1398FAF24C} = {BE0024C1-F887-4F4D-A565-DD733BA19A08}
		{53981BD4-3570-4639-A1E6-4C4D54058024} = {D49EBD41-3938-45A5-87A3-FE1D388D97A9}
		{C7616DB8-55AF-4AD6-9F61-F4D4CEC1F833} = {BE0024C1-F887-4F4D-A565-DD733BA19A08}
		{A96183E6-A733-4302-AADB-0631060191F9} = {BE0024C1-F887-4F4D-A565-DD733BA19A08}
		{746C2E44-DF06-4575-916D-90A9F95A1460} = {D49EBD41-3938-45A5-87A3-FE1D388D97A9}
		{739EC784-8DE1-411F-AA02-68C591451D0E} = {BE0024C1-F887-4F4D-A565-DD733BA19A08}
		{290F8537-E5B2-4CE9-B270-6F3DAC330BF0} = {D49EBD41-3938-45A5-87A3-FE1D388D97A9}
		{061A209B-E3D2-45BD-A973-AA8089971691} = {BE0024C1-F887-4F4D-A565-DD733BA19A08}
	EndGlobalSection
	GlobalSection(ExtensibilityGlobals) = postSolution
		SolutionGuid = {1A793BE3-19AD-44FD-9107-E80471758F03}
	EndGlobalSection
EndGlobal
