
Microsoft Visual Studio Solution File, Format Version 12.00
# Visual Studio 15
VisualStudioVersion = 15.0.28307.136
MinimumVisualStudioVersion = 10.0.40219.1
Project("{9A19103F-16F7-4668-BE54-9A1E7A4F7556}") = "AdventOfCode2017", "AdventOfCode2017.csproj", "{6048D42F-028B-4FAC-8B3F-DCB0F9B62CA2}"
EndProject
Global
	GlobalSection(SolutionConfigurationPlatforms) = preSolution
		Debug|Any CPU = Debug|Any CPU
		Release|Any CPU = Release|Any CPU
	EndGlobalSection
	GlobalSection(ProjectConfigurationPlatforms) = postSolution
		{6048D42F-028B-4FAC-8B3F-DCB0F9B62CA2}.Debug|Any CPU.ActiveCfg = Debug|Any CPU
		{6048D42F-028B-4FAC-8B3F-DCB0F9B62CA2}.Debug|Any CPU.Build.0 = Debug|Any CPU
		{6048D42F-028B-4FAC-8B3F-DCB0F9B62CA2}.Release|Any CPU.ActiveCfg = Release|Any CPU
		{6048D42F-028B-4FAC-8B3F-DCB0F9B62CA2}.Release|Any CPU.Build.0 = Release|Any CPU
	EndGlobalSection
	GlobalSection(SolutionProperties) = preSolution
		HideSolutionNode = FALSE
	EndGlobalSection
	GlobalSection(ExtensibilityGlobals) = postSolution
		SolutionGuid = {7BCDC681-2DE3-4509-BAE2-B4CD10066FC0}
	EndGlobalSection
EndGlobal
